// !$*UTF8*$!
{
	archiveVersion = 1;
	classes = {
	};
	objectVersion = 46;
	objects = {

/* Begin PBXBuildFile section */
		B909C6351AD5FDB1008682A2 /* NoteTableViewCell.swift in Sources */ = {isa = PBXBuildFile; fileRef = B909C6341AD5FDB1008682A2 /* NoteTableViewCell.swift */; };
		B955F9B91AE722E1008C5C12 /* Keys.plist in Resources */ = {isa = PBXBuildFile; fileRef = B955F9B81AE722E1008C5C12 /* Keys.plist */; };
		B955F9BB1AE72B1B008C5C12 /* CustomTabBarController.swift in Sources */ = {isa = PBXBuildFile; fileRef = B955F9BA1AE72B1B008C5C12 /* CustomTabBarController.swift */; };
		B95777D51AE476FE000146BF /* Bolts.framework in Frameworks */ = {isa = PBXBuildFile; fileRef = B95777CF1AE476FE000146BF /* Bolts.framework */; };
		B95777D61AE476FE000146BF /* Parse.framework in Frameworks */ = {isa = PBXBuildFile; fileRef = B95777D01AE476FE000146BF /* Parse.framework */; };
		B95777D71AE476FE000146BF /* ParseCrashReporting.framework in Frameworks */ = {isa = PBXBuildFile; fileRef = B95777D11AE476FE000146BF /* ParseCrashReporting.framework */; };
		B95777D81AE476FE000146BF /* ParseFacebookUtils.framework in Frameworks */ = {isa = PBXBuildFile; fileRef = B95777D21AE476FE000146BF /* ParseFacebookUtils.framework */; };
		B95777D91AE476FE000146BF /* ParseFacebookUtilsV4.framework in Frameworks */ = {isa = PBXBuildFile; fileRef = B95777D31AE476FE000146BF /* ParseFacebookUtilsV4.framework */; };
		B95777DA1AE476FE000146BF /* ParseUI.framework in Frameworks */ = {isa = PBXBuildFile; fileRef = B95777D41AE476FE000146BF /* ParseUI.framework */; };
		B95777DC1AE47717000146BF /* AudioToolbox.framework in Frameworks */ = {isa = PBXBuildFile; fileRef = B95777DB1AE47717000146BF /* AudioToolbox.framework */; };
		B95777DE1AE47724000146BF /* CFNetwork.framework in Frameworks */ = {isa = PBXBuildFile; fileRef = B95777DD1AE47724000146BF /* CFNetwork.framework */; };
		B95777E01AE47732000146BF /* CoreGraphics.framework in Frameworks */ = {isa = PBXBuildFile; fileRef = B95777DF1AE47732000146BF /* CoreGraphics.framework */; };
		B95777E21AE47743000146BF /* MobileCoreServices.framework in Frameworks */ = {isa = PBXBuildFile; fileRef = B95777E11AE47743000146BF /* MobileCoreServices.framework */; };
		B95777E41AE4774C000146BF /* QuartzCore.framework in Frameworks */ = {isa = PBXBuildFile; fileRef = B95777E31AE4774C000146BF /* QuartzCore.framework */; };
		B95777E61AE47753000146BF /* Security.framework in Frameworks */ = {isa = PBXBuildFile; fileRef = B95777E51AE47753000146BF /* Security.framework */; };
		B95777E81AE4775E000146BF /* StoreKit.framework in Frameworks */ = {isa = PBXBuildFile; fileRef = B95777E71AE4775E000146BF /* StoreKit.framework */; };
		B95777EA1AE4776B000146BF /* SystemConfiguration.framework in Frameworks */ = {isa = PBXBuildFile; fileRef = B95777E91AE4776B000146BF /* SystemConfiguration.framework */; };
		B95777EC1AE47778000146BF /* libz.dylib in Frameworks */ = {isa = PBXBuildFile; fileRef = B95777EB1AE47778000146BF /* libz.dylib */; };
		B95777EE1AE47782000146BF /* libsqlite3.dylib in Frameworks */ = {isa = PBXBuildFile; fileRef = B95777ED1AE47782000146BF /* libsqlite3.dylib */; };
		B95777F41AE47B36000146BF /* FBAudienceNetwork.framework in Frameworks */ = {isa = PBXBuildFile; fileRef = B95777EF1AE47B36000146BF /* FBAudienceNetwork.framework */; };
		B95777F51AE47B36000146BF /* FBSDKCoreKit.framework in Frameworks */ = {isa = PBXBuildFile; fileRef = B95777F01AE47B36000146BF /* FBSDKCoreKit.framework */; };
		B95777F61AE47B36000146BF /* FBSDKLoginKit.framework in Frameworks */ = {isa = PBXBuildFile; fileRef = B95777F11AE47B36000146BF /* FBSDKLoginKit.framework */; };
		B95777F71AE47B36000146BF /* FBSDKMessengerShareKit.framework in Frameworks */ = {isa = PBXBuildFile; fileRef = B95777F21AE47B36000146BF /* FBSDKMessengerShareKit.framework */; };
		B95777F81AE47B36000146BF /* FBSDKShareKit.framework in Frameworks */ = {isa = PBXBuildFile; fileRef = B95777F31AE47B36000146BF /* FBSDKShareKit.framework */; };
		B95777FA1AE4825E000146BF /* DataManager.swift in Sources */ = {isa = PBXBuildFile; fileRef = B95777F91AE4825E000146BF /* DataManager.swift */; };
		B95777FC1AE483ED000146BF /* LoginViewController.swift in Sources */ = {isa = PBXBuildFile; fileRef = B95777FB1AE483ED000146BF /* LoginViewController.swift */; };
		B994E1C21AD6E9D10018C744 /* UserConfigTableViewController.swift in Sources */ = {isa = PBXBuildFile; fileRef = B994E1C11AD6E9D10018C744 /* UserConfigTableViewController.swift */; };
		B9BD98FD1AD460C500689710 /* AppDelegate.swift in Sources */ = {isa = PBXBuildFile; fileRef = B9BD98FC1AD460C500689710 /* AppDelegate.swift */; };
		B9BD99051AD460C500689710 /* Main.storyboard in Resources */ = {isa = PBXBuildFile; fileRef = B9BD99031AD460C500689710 /* Main.storyboard */; };
		B9BD99071AD460C500689710 /* Images.xcassets in Resources */ = {isa = PBXBuildFile; fileRef = B9BD99061AD460C500689710 /* Images.xcassets */; };
		B9BD990A1AD460C500689710 /* LaunchScreen.xib in Resources */ = {isa = PBXBuildFile; fileRef = B9BD99081AD460C500689710 /* LaunchScreen.xib */; };
		B9BD99161AD460C500689710 /* RemindWhereTests.swift in Sources */ = {isa = PBXBuildFile; fileRef = B9BD99151AD460C500689710 /* RemindWhereTests.swift */; };
		B9BD99221AD4639B00689710 /* CoreLocation.framework in Frameworks */ = {isa = PBXBuildFile; fileRef = B9BD991F1AD4627A00689710 /* CoreLocation.framework */; };
		B9BD99241AD4BA5300689710 /* ListViewController.swift in Sources */ = {isa = PBXBuildFile; fileRef = B9BD99231AD4BA5300689710 /* ListViewController.swift */; };
		B9BD99261AD4BBE500689710 /* MapViewController.swift in Sources */ = {isa = PBXBuildFile; fileRef = B9BD99251AD4BBE500689710 /* MapViewController.swift */; };
		B9BD99281AD4BCF200689710 /* MapKit.framework in Frameworks */ = {isa = PBXBuildFile; fileRef = B9BD99271AD4BCF200689710 /* MapKit.framework */; };
		B9CB96C71AE6A3B700EBDB90 /* UIImage+ImageColor.swift in Sources */ = {isa = PBXBuildFile; fileRef = B9CB96C61AE6A3B700EBDB90 /* UIImage+ImageColor.swift */; };
		B9ECE80E1AD5954000BB5EF3 /* NewNoteViewController.swift in Sources */ = {isa = PBXBuildFile; fileRef = B9ECE80D1AD5954000BB5EF3 /* NewNoteViewController.swift */; };
		B9ECE8141AD5B93B00BB5EF3 /* MapPointViewController.swift in Sources */ = {isa = PBXBuildFile; fileRef = B9ECE8131AD5B93B00BB5EF3 /* MapPointViewController.swift */; };
/* End PBXBuildFile section */

/* Begin PBXContainerItemProxy section */
		B9BD99101AD460C500689710 /* PBXContainerItemProxy */ = {
			isa = PBXContainerItemProxy;
			containerPortal = B9BD98EF1AD460C500689710 /* Project object */;
			proxyType = 1;
			remoteGlobalIDString = B9BD98F61AD460C500689710;
			remoteInfo = RemindWhere;
		};
/* End PBXContainerItemProxy section */

/* Begin PBXFileReference section */
		B909C6341AD5FDB1008682A2 /* NoteTableViewCell.swift */ = {isa = PBXFileReference; fileEncoding = 4; lastKnownFileType = sourcecode.swift; path = NoteTableViewCell.swift; sourceTree = "<group>"; };
		B955F9B81AE722E1008C5C12 /* Keys.plist */ = {isa = PBXFileReference; fileEncoding = 4; lastKnownFileType = text.plist.xml; path = Keys.plist; sourceTree = "<group>"; };
		B955F9BA1AE72B1B008C5C12 /* CustomTabBarController.swift */ = {isa = PBXFileReference; fileEncoding = 4; lastKnownFileType = sourcecode.swift; path = CustomTabBarController.swift; sourceTree = "<group>"; };
		B95777CF1AE476FE000146BF /* Bolts.framework */ = {isa = PBXFileReference; lastKnownFileType = wrapper.framework; name = Bolts.framework; path = Frameworks/Bolts.framework; sourceTree = "<group>"; };
		B95777D01AE476FE000146BF /* Parse.framework */ = {isa = PBXFileReference; lastKnownFileType = wrapper.framework; name = Parse.framework; path = Frameworks/Parse.framework; sourceTree = "<group>"; };
		B95777D11AE476FE000146BF /* ParseCrashReporting.framework */ = {isa = PBXFileReference; lastKnownFileType = wrapper.framework; name = ParseCrashReporting.framework; path = Frameworks/ParseCrashReporting.framework; sourceTree = "<group>"; };
		B95777D21AE476FE000146BF /* ParseFacebookUtils.framework */ = {isa = PBXFileReference; lastKnownFileType = wrapper.framework; name = ParseFacebookUtils.framework; path = Frameworks/ParseFacebookUtils.framework; sourceTree = "<group>"; };
		B95777D31AE476FE000146BF /* ParseFacebookUtilsV4.framework */ = {isa = PBXFileReference; lastKnownFileType = wrapper.framework; name = ParseFacebookUtilsV4.framework; path = Frameworks/ParseFacebookUtilsV4.framework; sourceTree = "<group>"; };
		B95777D41AE476FE000146BF /* ParseUI.framework */ = {isa = PBXFileReference; lastKnownFileType = wrapper.framework; name = ParseUI.framework; path = Frameworks/ParseUI.framework; sourceTree = "<group>"; };
		B95777DB1AE47717000146BF /* AudioToolbox.framework */ = {isa = PBXFileReference; lastKnownFileType = wrapper.framework; name = AudioToolbox.framework; path = System/Library/Frameworks/AudioToolbox.framework; sourceTree = SDKROOT; };
		B95777DD1AE47724000146BF /* CFNetwork.framework */ = {isa = PBXFileReference; lastKnownFileType = wrapper.framework; name = CFNetwork.framework; path = System/Library/Frameworks/CFNetwork.framework; sourceTree = SDKROOT; };
		B95777DF1AE47732000146BF /* CoreGraphics.framework */ = {isa = PBXFileReference; lastKnownFileType = wrapper.framework; name = CoreGraphics.framework; path = System/Library/Frameworks/CoreGraphics.framework; sourceTree = SDKROOT; };
		B95777E11AE47743000146BF /* MobileCoreServices.framework */ = {isa = PBXFileReference; lastKnownFileType = wrapper.framework; name = MobileCoreServices.framework; path = System/Library/Frameworks/MobileCoreServices.framework; sourceTree = SDKROOT; };
		B95777E31AE4774C000146BF /* QuartzCore.framework */ = {isa = PBXFileReference; lastKnownFileType = wrapper.framework; name = QuartzCore.framework; path = System/Library/Frameworks/QuartzCore.framework; sourceTree = SDKROOT; };
		B95777E51AE47753000146BF /* Security.framework */ = {isa = PBXFileReference; lastKnownFileType = wrapper.framework; name = Security.framework; path = System/Library/Frameworks/Security.framework; sourceTree = SDKROOT; };
		B95777E71AE4775E000146BF /* StoreKit.framework */ = {isa = PBXFileReference; lastKnownFileType = wrapper.framework; name = StoreKit.framework; path = System/Library/Frameworks/StoreKit.framework; sourceTree = SDKROOT; };
		B95777E91AE4776B000146BF /* SystemConfiguration.framework */ = {isa = PBXFileReference; lastKnownFileType = wrapper.framework; name = SystemConfiguration.framework; path = System/Library/Frameworks/SystemConfiguration.framework; sourceTree = SDKROOT; };
		B95777EB1AE47778000146BF /* libz.dylib */ = {isa = PBXFileReference; lastKnownFileType = "compiled.mach-o.dylib"; name = libz.dylib; path = usr/lib/libz.dylib; sourceTree = SDKROOT; };
		B95777ED1AE47782000146BF /* libsqlite3.dylib */ = {isa = PBXFileReference; lastKnownFileType = "compiled.mach-o.dylib"; name = libsqlite3.dylib; path = usr/lib/libsqlite3.dylib; sourceTree = SDKROOT; };
		B95777EF1AE47B36000146BF /* FBAudienceNetwork.framework */ = {isa = PBXFileReference; lastKnownFileType = wrapper.framework; name = FBAudienceNetwork.framework; path = Frameworks/FBAudienceNetwork.framework; sourceTree = "<group>"; };
		B95777F01AE47B36000146BF /* FBSDKCoreKit.framework */ = {isa = PBXFileReference; lastKnownFileType = wrapper.framework; name = FBSDKCoreKit.framework; path = Frameworks/FBSDKCoreKit.framework; sourceTree = "<group>"; };
		B95777F11AE47B36000146BF /* FBSDKLoginKit.framework */ = {isa = PBXFileReference; lastKnownFileType = wrapper.framework; name = FBSDKLoginKit.framework; path = Frameworks/FBSDKLoginKit.framework; sourceTree = "<group>"; };
		B95777F21AE47B36000146BF /* FBSDKMessengerShareKit.framework */ = {isa = PBXFileReference; lastKnownFileType = wrapper.framework; name = FBSDKMessengerShareKit.framework; path = Frameworks/FBSDKMessengerShareKit.framework; sourceTree = "<group>"; };
		B95777F31AE47B36000146BF /* FBSDKShareKit.framework */ = {isa = PBXFileReference; lastKnownFileType = wrapper.framework; name = FBSDKShareKit.framework; path = Frameworks/FBSDKShareKit.framework; sourceTree = "<group>"; };
		B95777F91AE4825E000146BF /* DataManager.swift */ = {isa = PBXFileReference; fileEncoding = 4; lastKnownFileType = sourcecode.swift; path = DataManager.swift; sourceTree = "<group>"; };
		B95777FB1AE483ED000146BF /* LoginViewController.swift */ = {isa = PBXFileReference; fileEncoding = 4; lastKnownFileType = sourcecode.swift; path = LoginViewController.swift; sourceTree = "<group>"; };
		B95777FD1AE4A527000146BF /* RemindWhere-Bridging-Header.h */ = {isa = PBXFileReference; lastKnownFileType = sourcecode.c.h; path = "RemindWhere-Bridging-Header.h"; sourceTree = "<group>"; };
		B994E1C11AD6E9D10018C744 /* UserConfigTableViewController.swift */ = {isa = PBXFileReference; fileEncoding = 4; lastKnownFileType = sourcecode.swift; path = UserConfigTableViewController.swift; sourceTree = "<group>"; };
		B9BD98F71AD460C500689710 /* RemindWhere.app */ = {isa = PBXFileReference; explicitFileType = wrapper.application; includeInIndex = 0; path = RemindWhere.app; sourceTree = BUILT_PRODUCTS_DIR; };
		B9BD98FB1AD460C500689710 /* Info.plist */ = {isa = PBXFileReference; lastKnownFileType = text.plist.xml; path = Info.plist; sourceTree = "<group>"; };
		B9BD98FC1AD460C500689710 /* AppDelegate.swift */ = {isa = PBXFileReference; lastKnownFileType = sourcecode.swift; path = AppDelegate.swift; sourceTree = "<group>"; };
		B9BD99041AD460C500689710 /* Base */ = {isa = PBXFileReference; lastKnownFileType = file.storyboard; name = Base; path = Base.lproj/Main.storyboard; sourceTree = "<group>"; };
		B9BD99061AD460C500689710 /* Images.xcassets */ = {isa = PBXFileReference; lastKnownFileType = folder.assetcatalog; path = Images.xcassets; sourceTree = "<group>"; };
		B9BD99091AD460C500689710 /* Base */ = {isa = PBXFileReference; lastKnownFileType = file.xib; name = Base; path = Base.lproj/LaunchScreen.xib; sourceTree = "<group>"; };
		B9BD990F1AD460C500689710 /* RemindWhereTests.xctest */ = {isa = PBXFileReference; explicitFileType = wrapper.cfbundle; includeInIndex = 0; path = RemindWhereTests.xctest; sourceTree = BUILT_PRODUCTS_DIR; };
		B9BD99141AD460C500689710 /* Info.plist */ = {isa = PBXFileReference; lastKnownFileType = text.plist.xml; path = Info.plist; sourceTree = "<group>"; };
		B9BD99151AD460C500689710 /* RemindWhereTests.swift */ = {isa = PBXFileReference; lastKnownFileType = sourcecode.swift; path = RemindWhereTests.swift; sourceTree = "<group>"; };
		B9BD991F1AD4627A00689710 /* CoreLocation.framework */ = {isa = PBXFileReference; lastKnownFileType = wrapper.framework; name = CoreLocation.framework; path = System/Library/Frameworks/CoreLocation.framework; sourceTree = SDKROOT; };
		B9BD99231AD4BA5300689710 /* ListViewController.swift */ = {isa = PBXFileReference; fileEncoding = 4; lastKnownFileType = sourcecode.swift; path = ListViewController.swift; sourceTree = "<group>"; };
		B9BD99251AD4BBE500689710 /* MapViewController.swift */ = {isa = PBXFileReference; fileEncoding = 4; lastKnownFileType = sourcecode.swift; path = MapViewController.swift; sourceTree = "<group>"; };
		B9BD99271AD4BCF200689710 /* MapKit.framework */ = {isa = PBXFileReference; lastKnownFileType = wrapper.framework; name = MapKit.framework; path = System/Library/Frameworks/MapKit.framework; sourceTree = SDKROOT; };
		B9CB96C41AE6173F00EBDB90 /* TestLocation.gpx */ = {isa = PBXFileReference; lastKnownFileType = text.xml; path = TestLocation.gpx; sourceTree = "<group>"; };
		B9CB96C61AE6A3B700EBDB90 /* UIImage+ImageColor.swift */ = {isa = PBXFileReference; fileEncoding = 4; lastKnownFileType = sourcecode.swift; path = "UIImage+ImageColor.swift"; sourceTree = "<group>"; };
		B9ECE80D1AD5954000BB5EF3 /* NewNoteViewController.swift */ = {isa = PBXFileReference; fileEncoding = 4; lastKnownFileType = sourcecode.swift; path = NewNoteViewController.swift; sourceTree = "<group>"; };
		B9ECE8131AD5B93B00BB5EF3 /* MapPointViewController.swift */ = {isa = PBXFileReference; fileEncoding = 4; lastKnownFileType = sourcecode.swift; path = MapPointViewController.swift; sourceTree = "<group>"; };
/* End PBXFileReference section */

/* Begin PBXFrameworksBuildPhase section */
		B9BD98F41AD460C500689710 /* Frameworks */ = {
			isa = PBXFrameworksBuildPhase;
			buildActionMask = 2147483647;
			files = (
				B95777EE1AE47782000146BF /* libsqlite3.dylib in Frameworks */,
				B95777EC1AE47778000146BF /* libz.dylib in Frameworks */,
				B95777EA1AE4776B000146BF /* SystemConfiguration.framework in Frameworks */,
				B95777E81AE4775E000146BF /* StoreKit.framework in Frameworks */,
				B95777E61AE47753000146BF /* Security.framework in Frameworks */,
				B95777F51AE47B36000146BF /* FBSDKCoreKit.framework in Frameworks */,
				B95777E41AE4774C000146BF /* QuartzCore.framework in Frameworks */,
				B95777F81AE47B36000146BF /* FBSDKShareKit.framework in Frameworks */,
				B95777F41AE47B36000146BF /* FBAudienceNetwork.framework in Frameworks */,
				B95777E21AE47743000146BF /* MobileCoreServices.framework in Frameworks */,
				B95777E01AE47732000146BF /* CoreGraphics.framework in Frameworks */,
				B95777F71AE47B36000146BF /* FBSDKMessengerShareKit.framework in Frameworks */,
				B95777DE1AE47724000146BF /* CFNetwork.framework in Frameworks */,
				B95777F61AE47B36000146BF /* FBSDKLoginKit.framework in Frameworks */,
				B95777DC1AE47717000146BF /* AudioToolbox.framework in Frameworks */,
				B95777D51AE476FE000146BF /* Bolts.framework in Frameworks */,
				B95777D71AE476FE000146BF /* ParseCrashReporting.framework in Frameworks */,
				B95777D91AE476FE000146BF /* ParseFacebookUtilsV4.framework in Frameworks */,
				B95777D81AE476FE000146BF /* ParseFacebookUtils.framework in Frameworks */,
				B9BD99281AD4BCF200689710 /* MapKit.framework in Frameworks */,
				B95777D61AE476FE000146BF /* Parse.framework in Frameworks */,
				B95777DA1AE476FE000146BF /* ParseUI.framework in Frameworks */,
				B9BD99221AD4639B00689710 /* CoreLocation.framework in Frameworks */,
			);
			runOnlyForDeploymentPostprocessing = 0;
		};
		B9BD990C1AD460C500689710 /* Frameworks */ = {
			isa = PBXFrameworksBuildPhase;
			buildActionMask = 2147483647;
			files = (
			);
			runOnlyForDeploymentPostprocessing = 0;
		};
/* End PBXFrameworksBuildPhase section */

/* Begin PBXGroup section */
		B9BD98EE1AD460C500689710 = {
			isa = PBXGroup;
			children = (
				B9BD99211AD4628900689710 /* Frameworks */,
				B9BD98F91AD460C500689710 /* RemindWhere */,
				B9BD99121AD460C500689710 /* RemindWhereTests */,
				B9BD98F81AD460C500689710 /* Products */,
			);
			sourceTree = "<group>";
		};
		B9BD98F81AD460C500689710 /* Products */ = {
			isa = PBXGroup;
			children = (
				B9BD98F71AD460C500689710 /* RemindWhere.app */,
				B9BD990F1AD460C500689710 /* RemindWhereTests.xctest */,
			);
			name = Products;
			sourceTree = "<group>";
		};
		B9BD98F91AD460C500689710 /* RemindWhere */ = {
			isa = PBXGroup;
			children = (
				B9CB96C51AE6A35F00EBDB90 /* Extension */,
				B9ECE8121AD5A57100BB5EF3 /* Helper */,
				B9ECE8111AD5A56800BB5EF3 /* Controller */,
				B9ECE8101AD5A56000BB5EF3 /* View */,
				B9BD98FC1AD460C500689710 /* AppDelegate.swift */,
				B9BD99061AD460C500689710 /* Images.xcassets */,
				B9BD98FA1AD460C500689710 /* Supporting Files */,
			);
			path = RemindWhere;
			sourceTree = "<group>";
		};
		B9BD98FA1AD460C500689710 /* Supporting Files */ = {
			isa = PBXGroup;
			children = (
				B95777FD1AE4A527000146BF /* RemindWhere-Bridging-Header.h */,
				B9BD98FB1AD460C500689710 /* Info.plist */,
				B9CB96C41AE6173F00EBDB90 /* TestLocation.gpx */,
				B955F9B81AE722E1008C5C12 /* Keys.plist */,
			);
			path = "Supporting Files";
			sourceTree = "<group>";
		};
		B9BD99121AD460C500689710 /* RemindWhereTests */ = {
			isa = PBXGroup;
			children = (
				B9BD99151AD460C500689710 /* RemindWhereTests.swift */,
				B9BD99131AD460C500689710 /* Supporting Files */,
			);
			path = RemindWhereTests;
			sourceTree = "<group>";
		};
		B9BD99131AD460C500689710 /* Supporting Files */ = {
			isa = PBXGroup;
			children = (
				B9BD99141AD460C500689710 /* Info.plist */,
			);
			path = "Supporting Files";
			sourceTree = "<group>";
		};
		B9BD99211AD4628900689710 /* Frameworks */ = {
			isa = PBXGroup;
			children = (
				B95777EF1AE47B36000146BF /* FBAudienceNetwork.framework */,
				B95777F01AE47B36000146BF /* FBSDKCoreKit.framework */,
				B95777F11AE47B36000146BF /* FBSDKLoginKit.framework */,
				B95777F21AE47B36000146BF /* FBSDKMessengerShareKit.framework */,
				B95777F31AE47B36000146BF /* FBSDKShareKit.framework */,
				B95777ED1AE47782000146BF /* libsqlite3.dylib */,
				B95777EB1AE47778000146BF /* libz.dylib */,
				B95777E91AE4776B000146BF /* SystemConfiguration.framework */,
				B95777E71AE4775E000146BF /* StoreKit.framework */,
				B95777E51AE47753000146BF /* Security.framework */,
				B95777E31AE4774C000146BF /* QuartzCore.framework */,
				B95777E11AE47743000146BF /* MobileCoreServices.framework */,
				B95777DF1AE47732000146BF /* CoreGraphics.framework */,
				B95777DD1AE47724000146BF /* CFNetwork.framework */,
				B95777DB1AE47717000146BF /* AudioToolbox.framework */,
				B95777CF1AE476FE000146BF /* Bolts.framework */,
				B95777D01AE476FE000146BF /* Parse.framework */,
				B95777D11AE476FE000146BF /* ParseCrashReporting.framework */,
				B95777D21AE476FE000146BF /* ParseFacebookUtils.framework */,
				B95777D31AE476FE000146BF /* ParseFacebookUtilsV4.framework */,
				B95777D41AE476FE000146BF /* ParseUI.framework */,
				B9BD99271AD4BCF200689710 /* MapKit.framework */,
				B9BD991F1AD4627A00689710 /* CoreLocation.framework */,
			);
			name = Frameworks;
			sourceTree = "<group>";
		};
		B9CB96C51AE6A35F00EBDB90 /* Extension */ = {
			isa = PBXGroup;
			children = (
				B9CB96C61AE6A3B700EBDB90 /* UIImage+ImageColor.swift */,
			);
			path = Extension;
			sourceTree = "<group>";
		};
		B9ECE8101AD5A56000BB5EF3 /* View */ = {
			isa = PBXGroup;
			children = (
				B9BD99081AD460C500689710 /* LaunchScreen.xib */,
				B9BD99031AD460C500689710 /* Main.storyboard */,
				B909C6341AD5FDB1008682A2 /* NoteTableViewCell.swift */,
			);
			path = View;
			sourceTree = "<group>";
		};
		B9ECE8111AD5A56800BB5EF3 /* Controller */ = {
			isa = PBXGroup;
			children = (
				B9BD99231AD4BA5300689710 /* ListViewController.swift */,
				B9BD99251AD4BBE500689710 /* MapViewController.swift */,
				B9ECE80D1AD5954000BB5EF3 /* NewNoteViewController.swift */,
				B9ECE8131AD5B93B00BB5EF3 /* MapPointViewController.swift */,
				B994E1C11AD6E9D10018C744 /* UserConfigTableViewController.swift */,
				B95777FB1AE483ED000146BF /* LoginViewController.swift */,
				B955F9BA1AE72B1B008C5C12 /* CustomTabBarController.swift */,
			);
			path = Controller;
			sourceTree = "<group>";
		};
		B9ECE8121AD5A57100BB5EF3 /* Helper */ = {
			isa = PBXGroup;
			children = (
				B95777F91AE4825E000146BF /* DataManager.swift */,
			);
			path = Helper;
			sourceTree = "<group>";
		};
/* End PBXGroup section */

/* Begin PBXNativeTarget section */
		B9BD98F61AD460C500689710 /* RemindWhere */ = {
			isa = PBXNativeTarget;
			buildConfigurationList = B9BD99191AD460C500689710 /* Build configuration list for PBXNativeTarget "RemindWhere" */;
			buildPhases = (
				B9BD98F31AD460C500689710 /* Sources */,
				B9BD98F41AD460C500689710 /* Frameworks */,
				B9BD98F51AD460C500689710 /* Resources */,
			);
			buildRules = (
			);
			dependencies = (
			);
			name = RemindWhere;
			productName = RemindWhere;
			productReference = B9BD98F71AD460C500689710 /* RemindWhere.app */;
			productType = "com.apple.product-type.application";
		};
		B9BD990E1AD460C500689710 /* RemindWhereTests */ = {
			isa = PBXNativeTarget;
			buildConfigurationList = B9BD991C1AD460C500689710 /* Build configuration list for PBXNativeTarget "RemindWhereTests" */;
			buildPhases = (
				B9BD990B1AD460C500689710 /* Sources */,
				B9BD990C1AD460C500689710 /* Frameworks */,
				B9BD990D1AD460C500689710 /* Resources */,
			);
			buildRules = (
			);
			dependencies = (
				B9BD99111AD460C500689710 /* PBXTargetDependency */,
			);
			name = RemindWhereTests;
			productName = RemindWhereTests;
			productReference = B9BD990F1AD460C500689710 /* RemindWhereTests.xctest */;
			productType = "com.apple.product-type.bundle.unit-test";
		};
/* End PBXNativeTarget section */

/* Begin PBXProject section */
		B9BD98EF1AD460C500689710 /* Project object */ = {
			isa = PBXProject;
			attributes = {
				LastUpgradeCheck = 0620;
				ORGANIZATIONNAME = Bepid;
				TargetAttributes = {
					B9BD98F61AD460C500689710 = {
						CreatedOnToolsVersion = 6.2;
						DevelopmentTeam = M7SM6673Q8;
					};
					B9BD990E1AD460C500689710 = {
						CreatedOnToolsVersion = 6.2;
						TestTargetID = B9BD98F61AD460C500689710;
					};
				};
			};
			buildConfigurationList = B9BD98F21AD460C500689710 /* Build configuration list for PBXProject "RemindWhere" */;
			compatibilityVersion = "Xcode 3.2";
			developmentRegion = English;
			hasScannedForEncodings = 0;
			knownRegions = (
				en,
				Base,
			);
			mainGroup = B9BD98EE1AD460C500689710;
			productRefGroup = B9BD98F81AD460C500689710 /* Products */;
			projectDirPath = "";
			projectRoot = "";
			targets = (
				B9BD98F61AD460C500689710 /* RemindWhere */,
				B9BD990E1AD460C500689710 /* RemindWhereTests */,
			);
		};
/* End PBXProject section */

/* Begin PBXResourcesBuildPhase section */
		B9BD98F51AD460C500689710 /* Resources */ = {
			isa = PBXResourcesBuildPhase;
			buildActionMask = 2147483647;
			files = (
				B955F9B91AE722E1008C5C12 /* Keys.plist in Resources */,
				B9BD99051AD460C500689710 /* Main.storyboard in Resources */,
				B9BD990A1AD460C500689710 /* LaunchScreen.xib in Resources */,
				B9BD99071AD460C500689710 /* Images.xcassets in Resources */,
			);
			runOnlyForDeploymentPostprocessing = 0;
		};
		B9BD990D1AD460C500689710 /* Resources */ = {
			isa = PBXResourcesBuildPhase;
			buildActionMask = 2147483647;
			files = (
			);
			runOnlyForDeploymentPostprocessing = 0;
		};
/* End PBXResourcesBuildPhase section */

/* Begin PBXSourcesBuildPhase section */
		B9BD98F31AD460C500689710 /* Sources */ = {
			isa = PBXSourcesBuildPhase;
			buildActionMask = 2147483647;
			files = (
				B95777FC1AE483ED000146BF /* LoginViewController.swift in Sources */,
				B9ECE8141AD5B93B00BB5EF3 /* MapPointViewController.swift in Sources */,
				B994E1C21AD6E9D10018C744 /* UserConfigTableViewController.swift in Sources */,
				B909C6351AD5FDB1008682A2 /* NoteTableViewCell.swift in Sources */,
				B9BD99241AD4BA5300689710 /* ListViewController.swift in Sources */,
				B955F9BB1AE72B1B008C5C12 /* CustomTabBarController.swift in Sources */,
				B9BD99261AD4BBE500689710 /* MapViewController.swift in Sources */,
				B9ECE80E1AD5954000BB5EF3 /* NewNoteViewController.swift in Sources */,
				B9CB96C71AE6A3B700EBDB90 /* UIImage+ImageColor.swift in Sources */,
				B95777FA1AE4825E000146BF /* DataManager.swift in Sources */,
				B9BD98FD1AD460C500689710 /* AppDelegate.swift in Sources */,
			);
			runOnlyForDeploymentPostprocessing = 0;
		};
		B9BD990B1AD460C500689710 /* Sources */ = {
			isa = PBXSourcesBuildPhase;
			buildActionMask = 2147483647;
			files = (
				B9BD99161AD460C500689710 /* RemindWhereTests.swift in Sources */,
			);
			runOnlyForDeploymentPostprocessing = 0;
		};
/* End PBXSourcesBuildPhase section */

/* Begin PBXTargetDependency section */
		B9BD99111AD460C500689710 /* PBXTargetDependency */ = {
			isa = PBXTargetDependency;
			target = B9BD98F61AD460C500689710 /* RemindWhere */;
			targetProxy = B9BD99101AD460C500689710 /* PBXContainerItemProxy */;
		};
/* End PBXTargetDependency section */

/* Begin PBXVariantGroup section */
		B9BD99031AD460C500689710 /* Main.storyboard */ = {
			isa = PBXVariantGroup;
			children = (
				B9BD99041AD460C500689710 /* Base */,
			);
			name = Main.storyboard;
			path = .;
			sourceTree = "<group>";
		};
		B9BD99081AD460C500689710 /* LaunchScreen.xib */ = {
			isa = PBXVariantGroup;
			children = (
				B9BD99091AD460C500689710 /* Base */,
			);
			name = LaunchScreen.xib;
			path = .;
			sourceTree = "<group>";
		};
/* End PBXVariantGroup section */

/* Begin XCBuildConfiguration section */
		B9BD99171AD460C500689710 /* Debug */ = {
			isa = XCBuildConfiguration;
			buildSettings = {
				ALWAYS_SEARCH_USER_PATHS = NO;
				CLANG_CXX_LANGUAGE_STANDARD = "gnu++0x";
				CLANG_CXX_LIBRARY = "libc++";
				CLANG_ENABLE_MODULES = YES;
				CLANG_ENABLE_OBJC_ARC = YES;
				CLANG_WARN_BOOL_CONVERSION = YES;
				CLANG_WARN_CONSTANT_CONVERSION = YES;
				CLANG_WARN_DIRECT_OBJC_ISA_USAGE = YES_ERROR;
				CLANG_WARN_EMPTY_BODY = YES;
				CLANG_WARN_ENUM_CONVERSION = YES;
				CLANG_WARN_INT_CONVERSION = YES;
				CLANG_WARN_OBJC_ROOT_CLASS = YES_ERROR;
				CLANG_WARN_UNREACHABLE_CODE = YES;
				CLANG_WARN__DUPLICATE_METHOD_MATCH = YES;
				"CODE_SIGN_IDENTITY[sdk=iphoneos*]" = "iPhone Developer";
				COPY_PHASE_STRIP = NO;
				ENABLE_STRICT_OBJC_MSGSEND = YES;
				GCC_C_LANGUAGE_STANDARD = gnu99;
				GCC_DYNAMIC_NO_PIC = NO;
				GCC_OPTIMIZATION_LEVEL = 0;
				GCC_PREPROCESSOR_DEFINITIONS = (
					"DEBUG=1",
					"$(inherited)",
				);
				GCC_SYMBOLS_PRIVATE_EXTERN = NO;
				GCC_WARN_64_TO_32_BIT_CONVERSION = YES;
				GCC_WARN_ABOUT_RETURN_TYPE = YES_ERROR;
				GCC_WARN_UNDECLARED_SELECTOR = YES;
				GCC_WARN_UNINITIALIZED_AUTOS = YES_AGGRESSIVE;
				GCC_WARN_UNUSED_FUNCTION = YES;
				GCC_WARN_UNUSED_VARIABLE = YES;
				IPHONEOS_DEPLOYMENT_TARGET = 8.2;
				MTL_ENABLE_DEBUG_INFO = YES;
				ONLY_ACTIVE_ARCH = YES;
				SDKROOT = iphoneos;
				SWIFT_OPTIMIZATION_LEVEL = "-Onone";
				TARGETED_DEVICE_FAMILY = "1,2";
			};
			name = Debug;
		};
		B9BD99181AD460C500689710 /* Release */ = {
			isa = XCBuildConfiguration;
			buildSettings = {
				ALWAYS_SEARCH_USER_PATHS = NO;
				CLANG_CXX_LANGUAGE_STANDARD = "gnu++0x";
				CLANG_CXX_LIBRARY = "libc++";
				CLANG_ENABLE_MODULES = YES;
				CLANG_ENABLE_OBJC_ARC = YES;
				CLANG_WARN_BOOL_CONVERSION = YES;
				CLANG_WARN_CONSTANT_CONVERSION = YES;
				CLANG_WARN_DIRECT_OBJC_ISA_USAGE = YES_ERROR;
				CLANG_WARN_EMPTY_BODY = YES;
				CLANG_WARN_ENUM_CONVERSION = YES;
				CLANG_WARN_INT_CONVERSION = YES;
				CLANG_WARN_OBJC_ROOT_CLASS = YES_ERROR;
				CLANG_WARN_UNREACHABLE_CODE = YES;
				CLANG_WARN__DUPLICATE_METHOD_MATCH = YES;
				"CODE_SIGN_IDENTITY[sdk=iphoneos*]" = "iPhone Developer";
				COPY_PHASE_STRIP = NO;
				ENABLE_NS_ASSERTIONS = NO;
				ENABLE_STRICT_OBJC_MSGSEND = YES;
				GCC_C_LANGUAGE_STANDARD = gnu99;
				GCC_WARN_64_TO_32_BIT_CONVERSION = YES;
				GCC_WARN_ABOUT_RETURN_TYPE = YES_ERROR;
				GCC_WARN_UNDECLARED_SELECTOR = YES;
				GCC_WARN_UNINITIALIZED_AUTOS = YES_AGGRESSIVE;
				GCC_WARN_UNUSED_FUNCTION = YES;
				GCC_WARN_UNUSED_VARIABLE = YES;
				IPHONEOS_DEPLOYMENT_TARGET = 8.2;
				MTL_ENABLE_DEBUG_INFO = NO;
				SDKROOT = iphoneos;
				TARGETED_DEVICE_FAMILY = "1,2";
				VALIDATE_PRODUCT = YES;
			};
			name = Release;
		};
		B9BD991A1AD460C500689710 /* Debug */ = {
			isa = XCBuildConfiguration;
			buildSettings = {
				ASSETCATALOG_COMPILER_APPICON_NAME = AppIcon;
				CLANG_ENABLE_MODULES = YES;
				CODE_SIGN_IDENTITY = "iPhone Developer";
				"CODE_SIGN_IDENTITY[sdk=iphoneos*]" = "iPhone Developer";
				FRAMEWORK_SEARCH_PATHS = (
					"$(inherited)",
					"$(PROJECT_DIR)/Frameworks",
				);
				INFOPLIST_FILE = "RemindWhere/Supporting Files/Info.plist";
				LD_RUNPATH_SEARCH_PATHS = "$(inherited) @executable_path/Frameworks";
				PRODUCT_NAME = "$(TARGET_NAME)";
				PROVISIONING_PROFILE = "";
				SWIFT_OBJC_BRIDGING_HEADER = "RemindWhere/Supporting Files/RemindWhere-Bridging-Header.h";
				SWIFT_OPTIMIZATION_LEVEL = "-Onone";
			};
			name = Debug;
		};
		B9BD991B1AD460C500689710 /* Release */ = {
			isa = XCBuildConfiguration;
			buildSettings = {
				ASSETCATALOG_COMPILER_APPICON_NAME = AppIcon;
				CLANG_ENABLE_MODULES = YES;
				CODE_SIGN_IDENTITY = "iPhone Developer";
				"CODE_SIGN_IDENTITY[sdk=iphoneos*]" = "iPhone Developer";
				FRAMEWORK_SEARCH_PATHS = (
					"$(inherited)",
					"$(PROJECT_DIR)/Frameworks",
				);
				INFOPLIST_FILE = "RemindWhere/Supporting Files/Info.plist";
				LD_RUNPATH_SEARCH_PATHS = "$(inherited) @executable_path/Frameworks";
				PRODUCT_NAME = "$(TARGET_NAME)";
				PROVISIONING_PROFILE = "";
				SWIFT_OBJC_BRIDGING_HEADER = "RemindWhere/Supporting Files/RemindWhere-Bridging-Header.h";
			};
			name = Release;
		};
		B9BD991D1AD460C500689710 /* Debug */ = {
			isa = XCBuildConfiguration;
			buildSettings = {
				BUNDLE_LOADER = "$(TEST_HOST)";
				FRAMEWORK_SEARCH_PATHS = (
					"$(SDKROOT)/Developer/Library/Frameworks",
					"$(inherited)",
				);
				GCC_PREPROCESSOR_DEFINITIONS = (
					"DEBUG=1",
					"$(inherited)",
				);
				INFOPLIST_FILE = "RemindWhereTests/Supporting Files/Info.plist";
				LD_RUNPATH_SEARCH_PATHS = "$(inherited) @executable_path/Frameworks @loader_path/Frameworks";
				PRODUCT_NAME = "$(TARGET_NAME)";
				TEST_HOST = "$(BUILT_PRODUCTS_DIR)/RemindWhere.app/RemindWhere";
			};
			name = Debug;
		};
		B9BD991E1AD460C500689710 /* Release */ = {
			isa = XCBuildConfiguration;
			buildSettings = {
				BUNDLE_LOADER = "$(TEST_HOST)";
				FRAMEWORK_SEARCH_PATHS = (
					"$(SDKROOT)/Developer/Library/Frameworks",
					"$(inherited)",
				);
				INFOPLIST_FILE = "RemindWhereTests/Supporting Files/Info.plist";
				LD_RUNPATH_SEARCH_PATHS = "$(inherited) @executable_path/Frameworks @loader_path/Frameworks";
				PRODUCT_NAME = "$(TARGET_NAME)";
				TEST_HOST = "$(BUILT_PRODUCTS_DIR)/RemindWhere.app/RemindWhere";
			};
			name = Release;
		};
/* End XCBuildConfiguration section */

/* Begin XCConfigurationList section */
		B9BD98F21AD460C500689710 /* Build configuration list for PBXProject "RemindWhere" */ = {
			isa = XCConfigurationList;
			buildConfigurations = (
				B9BD99171AD460C500689710 /* Debug */,
				B9BD99181AD460C500689710 /* Release */,
			);
			defaultConfigurationIsVisible = 0;
			defaultConfigurationName = Release;
		};
		B9BD99191AD460C500689710 /* Build configuration list for PBXNativeTarget "RemindWhere" */ = {
			isa = XCConfigurationList;
			buildConfigurations = (
				B9BD991A1AD460C500689710 /* Debug */,
				B9BD991B1AD460C500689710 /* Release */,
			);
			defaultConfigurationIsVisible = 0;
			defaultConfigurationName = Release;
		};
		B9BD991C1AD460C500689710 /* Build configuration list for PBXNativeTarget "RemindWhereTests" */ = {
			isa = XCConfigurationList;
			buildConfigurations = (
				B9BD991D1AD460C500689710 /* Debug */,
				B9BD991E1AD460C500689710 /* Release */,
			);
			defaultConfigurationIsVisible = 0;
			defaultConfigurationName = Release;
		};
/* End XCConfigurationList section */
	};
	rootObject = B9BD98EF1AD460C500689710 /* Project object */;
}
